// !$*UTF8*$!
{
	archiveVersion = 1;
	classes = {
	};
	objectVersion = 46;
	objects = {

/* Begin PBXBuildFile section */
		6E37AB9E16AD877B00C333A4 /* Collection.cpp in Sources */ = {isa = PBXBuildFile; fileRef = 6E37AB9116AD877B00C333A4 /* Collection.cpp */; };
		6E37AB9F16AD877B00C333A4 /* Collection.cpp in Sources */ = {isa = PBXBuildFile; fileRef = 6E37AB9116AD877B00C333A4 /* Collection.cpp */; };
		6E37ABA016AD877B00C333A4 /* Collection.cpp in Sources */ = {isa = PBXBuildFile; fileRef = 6E37AB9116AD877B00C333A4 /* Collection.cpp */; };
		6E37ABA116AD877B00C333A4 /* Collection.cpp in Sources */ = {isa = PBXBuildFile; fileRef = 6E37AB9116AD877B00C333A4 /* Collection.cpp */; };
		6E37ABA416AD877B00C333A4 /* MyRadios.cpp in Sources */ = {isa = PBXBuildFile; fileRef = 6E37AB9316AD877B00C333A4 /* MyRadios.cpp */; };
		6E37ABA516AD877B00C333A4 /* MyRadios.cpp in Sources */ = {isa = PBXBuildFile; fileRef = 6E37AB9316AD877B00C333A4 /* MyRadios.cpp */; };
		6E37ABA616AD877B00C333A4 /* MyRadios.cpp in Sources */ = {isa = PBXBuildFile; fileRef = 6E37AB9316AD877B00C333A4 /* MyRadios.cpp */; };
		6E37ABA716AD877B00C333A4 /* MyRadios.cpp in Sources */ = {isa = PBXBuildFile; fileRef = 6E37AB9316AD877B00C333A4 /* MyRadios.cpp */; };
		6E37ABAA16AD877B00C333A4 /* Object.cpp in Sources */ = {isa = PBXBuildFile; fileRef = 6E37AB9516AD877B00C333A4 /* Object.cpp */; };
		6E37ABAB16AD877B00C333A4 /* Object.cpp in Sources */ = {isa = PBXBuildFile; fileRef = 6E37AB9516AD877B00C333A4 /* Object.cpp */; };
		6E37ABAC16AD877B00C333A4 /* Object.cpp in Sources */ = {isa = PBXBuildFile; fileRef = 6E37AB9516AD877B00C333A4 /* Object.cpp */; };
		6E37ABAD16AD877B00C333A4 /* Object.cpp in Sources */ = {isa = PBXBuildFile; fileRef = 6E37AB9516AD877B00C333A4 /* Object.cpp */; };
		6E37ABB016AD877B00C333A4 /* Radio.cpp in Sources */ = {isa = PBXBuildFile; fileRef = 6E37AB9716AD877B00C333A4 /* Radio.cpp */; };
		6E37ABB116AD877B00C333A4 /* Radio.cpp in Sources */ = {isa = PBXBuildFile; fileRef = 6E37AB9716AD877B00C333A4 /* Radio.cpp */; };
		6E37ABB216AD877B00C333A4 /* Radio.cpp in Sources */ = {isa = PBXBuildFile; fileRef = 6E37AB9716AD877B00C333A4 /* Radio.cpp */; };
		6E37ABB316AD877B00C333A4 /* Radio.cpp in Sources */ = {isa = PBXBuildFile; fileRef = 6E37AB9716AD877B00C333A4 /* Radio.cpp */; };
		6E37ABB616AD877B00C333A4 /* RequestBuilder.cpp in Sources */ = {isa = PBXBuildFile; fileRef = 6E37AB9916AD877B00C333A4 /* RequestBuilder.cpp */; };
		6E37ABB716AD877B00C333A4 /* RequestBuilder.cpp in Sources */ = {isa = PBXBuildFile; fileRef = 6E37AB9916AD877B00C333A4 /* RequestBuilder.cpp */; };
		6E37ABB816AD877B00C333A4 /* RequestBuilder.cpp in Sources */ = {isa = PBXBuildFile; fileRef = 6E37AB9916AD877B00C333A4 /* RequestBuilder.cpp */; };
		6E37ABB916AD877B00C333A4 /* RequestBuilder.cpp in Sources */ = {isa = PBXBuildFile; fileRef = 6E37AB9916AD877B00C333A4 /* RequestBuilder.cpp */; };
		6E37ABC116AD884700C333A4 /* WebKit.framework in Frameworks */ = {isa = PBXBuildFile; fileRef = 6E37ABC016AD884700C333A4 /* WebKit.framework */; };
		6E37ABC416AD886600C333A4 /* LoginViewControllerCocoa.m in Sources */ = {isa = PBXBuildFile; fileRef = 6E37ABC316AD886600C333A4 /* LoginViewControllerCocoa.m */; };
		6E37ABC916AD896000C333A4 /* Header.cpp in Sources */ = {isa = PBXBuildFile; fileRef = 6E37ABC516AD896000C333A4 /* Header.cpp */; };
		6E37ABCA16AD896000C333A4 /* Header.cpp in Sources */ = {isa = PBXBuildFile; fileRef = 6E37ABC516AD896000C333A4 /* Header.cpp */; };
		6E37ABCB16AD896000C333A4 /* Header.cpp in Sources */ = {isa = PBXBuildFile; fileRef = 6E37ABC516AD896000C333A4 /* Header.cpp */; };
		6E37ABCC16AD896000C333A4 /* Header.cpp in Sources */ = {isa = PBXBuildFile; fileRef = 6E37ABC516AD896000C333A4 /* Header.cpp */; };
		6E37ABCE16AD9EE400C333A4 /* LoginViewControllerCocoa.m in Sources */ = {isa = PBXBuildFile; fileRef = 6E37ABC316AD886600C333A4 /* LoginViewControllerCocoa.m */; };
		6E37ABCF16AD9EFE00C333A4 /* WebKit.framework in Frameworks */ = {isa = PBXBuildFile; fileRef = 6E37ABC016AD884700C333A4 /* WebKit.framework */; };
		6E37ABD616ADA4ED00C333A4 /* LoginViewController.m in Sources */ = {isa = PBXBuildFile; fileRef = 6E37ABD316ADA4ED00C333A4 /* LoginViewController.m */; };
		6E37ABD716ADA4ED00C333A4 /* LoginViewController.m in Sources */ = {isa = PBXBuildFile; fileRef = 6E37ABD316ADA4ED00C333A4 /* LoginViewController.m */; };
		6E37ABD816ADA4ED00C333A4 /* LoginViewController.m in Sources */ = {isa = PBXBuildFile; fileRef = 6E37ABD316ADA4ED00C333A4 /* LoginViewController.m */; };
		6E37ABD916ADA4ED00C333A4 /* LoginViewController.m in Sources */ = {isa = PBXBuildFile; fileRef = 6E37ABD316ADA4ED00C333A4 /* LoginViewController.m */; };
		6E43786E16ADDD4B008718E5 /* LoginViewControllerUIKit.m in Sources */ = {isa = PBXBuildFile; fileRef = 6E43786C16ADDD4B008718E5 /* LoginViewControllerUIKit.m */; };
		6E43786F16ADDD4B008718E5 /* LoginViewControllerUIKit.m in Sources */ = {isa = PBXBuildFile; fileRef = 6E43786C16ADDD4B008718E5 /* LoginViewControllerUIKit.m */; };
		E59CD16A11EA0C4000955611 /* Cocoa.framework in Frameworks */ = {isa = PBXBuildFile; fileRef = E59CD16911EA0C4000955611 /* Cocoa.framework */; };
		E5B95DA516A97EDB00D626C8 /* InfoPlist.strings in Resources */ = {isa = PBXBuildFile; fileRef = E5B95DA316A97EDB00D626C8 /* InfoPlist.strings */; };
		E5B95DAD16A97EDB00D626C8 /* Default.png in Resources */ = {isa = PBXBuildFile; fileRef = E5B95DAC16A97EDB00D626C8 /* Default.png */; };
		E5B95DAF16A97EDB00D626C8 /* Default@2x.png in Resources */ = {isa = PBXBuildFile; fileRef = E5B95DAE16A97EDB00D626C8 /* Default@2x.png */; };
		E5B95DB116A97EDB00D626C8 /* Default-568h@2x.png in Resources */ = {isa = PBXBuildFile; fileRef = E5B95DB016A97EDB00D626C8 /* Default-568h@2x.png */; };
		E5B95DB616A97F1D00D626C8 /* libnuiPhoneD.a in Frameworks */ = {isa = PBXBuildFile; fileRef = E5A630D511CA7CCD00446489 /* libnuiPhoneD.a */; };
		E5B95DB716A97F3900D626C8 /* Application.cpp in Sources */ = {isa = PBXBuildFile; fileRef = 61A9DFEF0B83433800BC506C /* Application.cpp */; };
		E5B95DB816A97F3900D626C8 /* Application.h in Sources */ = {isa = PBXBuildFile; fileRef = 61A9DFF00B83433800BC506C /* Application.h */; };
		E5B95DB916A97F3A00D626C8 /* MainWindow.cpp in Sources */ = {isa = PBXBuildFile; fileRef = 61A9DFF10B83433800BC506C /* MainWindow.cpp */; };
		E5B95DBA16A97F3A00D626C8 /* MainWindow.h in Sources */ = {isa = PBXBuildFile; fileRef = 61A9DFF20B83433800BC506C /* MainWindow.h */; };
		E5B95DBB16A97F3A00D626C8 /* Deck.cpp in Sources */ = {isa = PBXBuildFile; fileRef = E5C5910E167223B800BAEDE4 /* Deck.cpp */; };
		E5B95DBC16A97F3A00D626C8 /* Deck.h in Sources */ = {isa = PBXBuildFile; fileRef = E5C5910F167223B800BAEDE4 /* Deck.h */; };
		E5B95DBD16A97F3A00D626C8 /* iTunesLibrary.cpp in Sources */ = {isa = PBXBuildFile; fileRef = E5C591291672405500BAEDE4 /* iTunesLibrary.cpp */; };
		E5B95DBE16A97F3A00D626C8 /* iTunesLibrary.h in Sources */ = {isa = PBXBuildFile; fileRef = E5C5912A1672405500BAEDE4 /* iTunesLibrary.h */; };
		E5B95DBF16A97F3A00D626C8 /* SongDB.cpp in Sources */ = {isa = PBXBuildFile; fileRef = E5C5912F1672407400BAEDE4 /* SongDB.cpp */; };
		E5B95DC016A97F3A00D626C8 /* SongDB.h in Sources */ = {isa = PBXBuildFile; fileRef = E5C591301672407400BAEDE4 /* SongDB.h */; };
		E5B95DCC16A981EA00D626C8 /* Accelerate.framework in Frameworks */ = {isa = PBXBuildFile; fileRef = E5B95DC116A981EA00D626C8 /* Accelerate.framework */; };
		E5B95DCD16A981EA00D626C8 /* AudioToolbox.framework in Frameworks */ = {isa = PBXBuildFile; fileRef = E5B95DC216A981EA00D626C8 /* AudioToolbox.framework */; };
		E5B95DD016A981EA00D626C8 /* CFNetwork.framework in Frameworks */ = {isa = PBXBuildFile; fileRef = E5B95DC516A981EA00D626C8 /* CFNetwork.framework */; };
		E5B95DD116A981EA00D626C8 /* CoreAudio.framework in Frameworks */ = {isa = PBXBuildFile; fileRef = E5B95DC616A981EA00D626C8 /* CoreAudio.framework */; };
		E5B95DD216A981EA00D626C8 /* CoreFoundation.framework in Frameworks */ = {isa = PBXBuildFile; fileRef = E5B95DC716A981EA00D626C8 /* CoreFoundation.framework */; };
		E5B95DD316A981EA00D626C8 /* CoreGraphics.framework in Frameworks */ = {isa = PBXBuildFile; fileRef = E5B95DC816A981EA00D626C8 /* CoreGraphics.framework */; };
		E5B95DD416A981EA00D626C8 /* OpenGLES.framework in Frameworks */ = {isa = PBXBuildFile; fileRef = E5B95DC916A981EA00D626C8 /* OpenGLES.framework */; };
		E5B95DD516A981EA00D626C8 /* StoreKit.framework in Frameworks */ = {isa = PBXBuildFile; fileRef = E5B95DCA16A981EA00D626C8 /* StoreKit.framework */; };
		E5B95DD616A981EA00D626C8 /* UIKit.framework in Frameworks */ = {isa = PBXBuildFile; fileRef = E5B95DCB16A981EA00D626C8 /* UIKit.framework */; };
		E5B95E0516A985D300D626C8 /* Foundation.framework in Frameworks */ = {isa = PBXBuildFile; fileRef = E5B95E0416A985D300D626C8 /* Foundation.framework */; };
		E5B95E0D16A988F700D626C8 /* QuartzCore.framework in Frameworks */ = {isa = PBXBuildFile; fileRef = E5B95E0C16A988F700D626C8 /* QuartzCore.framework */; };
		E5B95E1316A9983E00D626C8 /* Application.cpp in Sources */ = {isa = PBXBuildFile; fileRef = 61A9DFEF0B83433800BC506C /* Application.cpp */; };
		E5B95E1416A9983E00D626C8 /* Application.h in Sources */ = {isa = PBXBuildFile; fileRef = 61A9DFF00B83433800BC506C /* Application.h */; };
		E5B95E1516A9983E00D626C8 /* MainWindow.cpp in Sources */ = {isa = PBXBuildFile; fileRef = 61A9DFF10B83433800BC506C /* MainWindow.cpp */; };
		E5B95E1616A9983E00D626C8 /* MainWindow.h in Sources */ = {isa = PBXBuildFile; fileRef = 61A9DFF20B83433800BC506C /* MainWindow.h */; };
		E5B95E1716A9983E00D626C8 /* Deck.cpp in Sources */ = {isa = PBXBuildFile; fileRef = E5C5910E167223B800BAEDE4 /* Deck.cpp */; };
		E5B95E1816A9983E00D626C8 /* Deck.h in Sources */ = {isa = PBXBuildFile; fileRef = E5C5910F167223B800BAEDE4 /* Deck.h */; };
		E5B95E1916A9983E00D626C8 /* iTunesLibrary.cpp in Sources */ = {isa = PBXBuildFile; fileRef = E5C591291672405500BAEDE4 /* iTunesLibrary.cpp */; };
		E5B95E1A16A9983E00D626C8 /* iTunesLibrary.h in Sources */ = {isa = PBXBuildFile; fileRef = E5C5912A1672405500BAEDE4 /* iTunesLibrary.h */; };
		E5B95E1B16A9983E00D626C8 /* SongDB.cpp in Sources */ = {isa = PBXBuildFile; fileRef = E5C5912F1672407400BAEDE4 /* SongDB.cpp */; };
		E5B95E1C16A9983E00D626C8 /* SongDB.h in Sources */ = {isa = PBXBuildFile; fileRef = E5C591301672407400BAEDE4 /* SongDB.h */; };
		E5B95E1E16A9983E00D626C8 /* QuartzCore.framework in Frameworks */ = {isa = PBXBuildFile; fileRef = E5B95E0C16A988F700D626C8 /* QuartzCore.framework */; };
		E5B95E1F16A9983E00D626C8 /* Foundation.framework in Frameworks */ = {isa = PBXBuildFile; fileRef = E5B95E0416A985D300D626C8 /* Foundation.framework */; };
		E5B95E2016A9983E00D626C8 /* UIKit.framework in Frameworks */ = {isa = PBXBuildFile; fileRef = E5B95DCB16A981EA00D626C8 /* UIKit.framework */; };
		E5B95E2116A9983E00D626C8 /* CoreGraphics.framework in Frameworks */ = {isa = PBXBuildFile; fileRef = E5B95DC816A981EA00D626C8 /* CoreGraphics.framework */; };
		E5B95E2216A9983E00D626C8 /* OpenGLES.framework in Frameworks */ = {isa = PBXBuildFile; fileRef = E5B95DC916A981EA00D626C8 /* OpenGLES.framework */; };
		E5B95E2316A9983E00D626C8 /* Accelerate.framework in Frameworks */ = {isa = PBXBuildFile; fileRef = E5B95DC116A981EA00D626C8 /* Accelerate.framework */; };
		E5B95E2416A9983E00D626C8 /* AudioToolbox.framework in Frameworks */ = {isa = PBXBuildFile; fileRef = E5B95DC216A981EA00D626C8 /* AudioToolbox.framework */; };
		E5B95E2516A9983E00D626C8 /* CFNetwork.framework in Frameworks */ = {isa = PBXBuildFile; fileRef = E5B95DC516A981EA00D626C8 /* CFNetwork.framework */; };
		E5B95E2616A9983E00D626C8 /* CoreAudio.framework in Frameworks */ = {isa = PBXBuildFile; fileRef = E5B95DC616A981EA00D626C8 /* CoreAudio.framework */; };
		E5B95E2716A9983E00D626C8 /* CoreFoundation.framework in Frameworks */ = {isa = PBXBuildFile; fileRef = E5B95DC716A981EA00D626C8 /* CoreFoundation.framework */; };
		E5B95E2816A9983E00D626C8 /* StoreKit.framework in Frameworks */ = {isa = PBXBuildFile; fileRef = E5B95DCA16A981EA00D626C8 /* StoreKit.framework */; };
		E5B95E2916A9983E00D626C8 /* libnuiPhoneD.a in Frameworks */ = {isa = PBXBuildFile; fileRef = E5A630D511CA7CCD00446489 /* libnuiPhoneD.a */; };
		E5B95E2B16A9983E00D626C8 /* InfoPlist.strings in Resources */ = {isa = PBXBuildFile; fileRef = E5B95DA316A97EDB00D626C8 /* InfoPlist.strings */; };
		E5B95E2C16A9983E00D626C8 /* Default.png in Resources */ = {isa = PBXBuildFile; fileRef = E5B95DAC16A97EDB00D626C8 /* Default.png */; };
		E5B95E2D16A9983E00D626C8 /* Default@2x.png in Resources */ = {isa = PBXBuildFile; fileRef = E5B95DAE16A97EDB00D626C8 /* Default@2x.png */; };
		E5B95E2E16A9983E00D626C8 /* Default-568h@2x.png in Resources */ = {isa = PBXBuildFile; fileRef = E5B95DB016A97EDB00D626C8 /* Default-568h@2x.png */; };
		E5C59112167223B800BAEDE4 /* Deck.cpp in Sources */ = {isa = PBXBuildFile; fileRef = E5C5910E167223B800BAEDE4 /* Deck.cpp */; };
		E5C59113167223B800BAEDE4 /* Deck.cpp in Sources */ = {isa = PBXBuildFile; fileRef = E5C5910E167223B800BAEDE4 /* Deck.cpp */; };
		E5C5912D1672405500BAEDE4 /* iTunesLibrary.cpp in Sources */ = {isa = PBXBuildFile; fileRef = E5C591291672405500BAEDE4 /* iTunesLibrary.cpp */; };
		E5C5912E1672405500BAEDE4 /* iTunesLibrary.cpp in Sources */ = {isa = PBXBuildFile; fileRef = E5C591291672405500BAEDE4 /* iTunesLibrary.cpp */; };
		E5C591331672407400BAEDE4 /* SongDB.cpp in Sources */ = {isa = PBXBuildFile; fileRef = E5C5912F1672407400BAEDE4 /* SongDB.cpp */; };
		E5C591341672407400BAEDE4 /* SongDB.cpp in Sources */ = {isa = PBXBuildFile; fileRef = E5C5912F1672407400BAEDE4 /* SongDB.cpp */; };
		E5D64525120A0B92009C26A9 /* Application.cpp in Sources */ = {isa = PBXBuildFile; fileRef = 61A9DFEF0B83433800BC506C /* Application.cpp */; };
		E5D64526120A0B92009C26A9 /* MainWindow.cpp in Sources */ = {isa = PBXBuildFile; fileRef = 61A9DFF10B83433800BC506C /* MainWindow.cpp */; };
		E5D64528120A0B92009C26A9 /* CoreFoundation.framework in Frameworks */ = {isa = PBXBuildFile; fileRef = 61A9DFD30B833F1500BC506C /* CoreFoundation.framework */; };
		E5D64529120A0B92009C26A9 /* CoreServices.framework in Frameworks */ = {isa = PBXBuildFile; fileRef = 61A9DFD40B833F1500BC506C /* CoreServices.framework */; };
		E5D6452A120A0B92009C26A9 /* OpenGL.framework in Frameworks */ = {isa = PBXBuildFile; fileRef = 61A9DFD60B833F1500BC506C /* OpenGL.framework */; };
		E5D6452C120A0B92009C26A9 /* Cocoa.framework in Frameworks */ = {isa = PBXBuildFile; fileRef = E59CD16911EA0C4000955611 /* Cocoa.framework */; };
		E5D6453D120AA7D8009C26A9 /* libnui3Cocoa.a in Frameworks */ = {isa = PBXBuildFile; fileRef = E5D644FB120A01E0009C26A9 /* libnui3Cocoa.a */; };
		E5EF6FBC11E77DE8000FB337 /* Application.cpp in Sources */ = {isa = PBXBuildFile; fileRef = 61A9DFEF0B83433800BC506C /* Application.cpp */; };
		E5EF6FBD11E77DE8000FB337 /* MainWindow.cpp in Sources */ = {isa = PBXBuildFile; fileRef = 61A9DFF10B83433800BC506C /* MainWindow.cpp */; };
		E5EF6FC011E77DE8000FB337 /* CoreFoundation.framework in Frameworks */ = {isa = PBXBuildFile; fileRef = 61A9DFD30B833F1500BC506C /* CoreFoundation.framework */; };
		E5EF6FC111E77DE8000FB337 /* CoreServices.framework in Frameworks */ = {isa = PBXBuildFile; fileRef = 61A9DFD40B833F1500BC506C /* CoreServices.framework */; };
		E5EF6FC311E77DE8000FB337 /* OpenGL.framework in Frameworks */ = {isa = PBXBuildFile; fileRef = 61A9DFD60B833F1500BC506C /* OpenGL.framework */; };
		E5EF6FE511E77EA7000FB337 /* libnui3CocoaD.a in Frameworks */ = {isa = PBXBuildFile; fileRef = E5EF6FB111E77DE0000FB337 /* libnui3CocoaD.a */; };
/* End PBXBuildFile section */

/* Begin PBXContainerItemProxy section */
		BCBCB15B0DFD45B6002E8BC3 /* PBXContainerItemProxy */ = {
			isa = PBXContainerItemProxy;
			containerPortal = BCBCB1520DFD45B5002E8BC3 /* nui3.xcodeproj */;
			proxyType = 2;
			remoteGlobalIDString = E58172D80C3D103300902DFE;
			remoteInfo = nui3D;
		};
		BCBCB15D0DFD45B6002E8BC3 /* PBXContainerItemProxy */ = {
			isa = PBXContainerItemProxy;
			containerPortal = BCBCB1520DFD45B5002E8BC3 /* nui3.xcodeproj */;
			proxyType = 2;
			remoteGlobalIDString = E542A1AE0C3F0A5900225219;
			remoteInfo = nui3;
		};
		E50C19DB14B7C40D00C6C5B2 /* PBXContainerItemProxy */ = {
			isa = PBXContainerItemProxy;
			containerPortal = BCBCB1520DFD45B5002E8BC3 /* nui3.xcodeproj */;
			proxyType = 2;
			remoteGlobalIDString = E5FB9CF3147D5CEE001A1829;
			remoteInfo = minui3D;
		};
		E52420ED11CBCEBC0025CA71 /* PBXContainerItemProxy */ = {
			isa = PBXContainerItemProxy;
			containerPortal = BCBCB1520DFD45B5002E8BC3 /* nui3.xcodeproj */;
			proxyType = 2;
			remoteGlobalIDString = E52420E511CBCE9E0025CA71;
			remoteInfo = nuiPhone;
		};
		E56C84F912FD9D2B00231540 /* PBXContainerItemProxy */ = {
			isa = PBXContainerItemProxy;
			containerPortal = BCBCB1520DFD45B5002E8BC3 /* nui3.xcodeproj */;
			proxyType = 2;
			remoteGlobalIDString = 73F086E612E9BA0700656E84;
			remoteInfo = nuiPhone_arm7;
		};
		E56C84FB12FD9D2B00231540 /* PBXContainerItemProxy */ = {
			isa = PBXContainerItemProxy;
			containerPortal = BCBCB1520DFD45B5002E8BC3 /* nui3.xcodeproj */;
			proxyType = 2;
			remoteGlobalIDString = 73F09AC312E9D09E00656E84;
			remoteInfo = thirdparty_ios_arm7;
		};
		E5A630D411CA7CCD00446489 /* PBXContainerItemProxy */ = {
			isa = PBXContainerItemProxy;
			containerPortal = BCBCB1520DFD45B5002E8BC3 /* nui3.xcodeproj */;
			proxyType = 2;
			remoteGlobalIDString = E5A626F311CA240100446489;
			remoteInfo = nuiPhoneD;
		};
		E5B95DB416A97F0D00D626C8 /* PBXContainerItemProxy */ = {
			isa = PBXContainerItemProxy;
			containerPortal = BCBCB1520DFD45B5002E8BC3 /* nui3.xcodeproj */;
			proxyType = 1;
			remoteGlobalIDString = E52412CD11CB860B0025CA71;
			remoteInfo = nuiPhoneD;
		};
		E5B95E1116A9983E00D626C8 /* PBXContainerItemProxy */ = {
			isa = PBXContainerItemProxy;
			containerPortal = BCBCB1520DFD45B5002E8BC3 /* nui3.xcodeproj */;
			proxyType = 1;
			remoteGlobalIDString = E52412CD11CB860B0025CA71;
			remoteInfo = nuiPhoneD;
		};
		E5D4E8E512E4A9000001A86F /* PBXContainerItemProxy */ = {
			isa = PBXContainerItemProxy;
			containerPortal = BCBCB1520DFD45B5002E8BC3 /* nui3.xcodeproj */;
			proxyType = 2;
			remoteGlobalIDString = E5DD3FF412E0B08300F1EF4E;
			remoteInfo = thirdparty_ios;
		};
		E5D644FA120A01E0009C26A9 /* PBXContainerItemProxy */ = {
			isa = PBXContainerItemProxy;
			containerPortal = BCBCB1520DFD45B5002E8BC3 /* nui3.xcodeproj */;
			proxyType = 2;
			remoteGlobalIDString = E5D643E51209AB9C009C26A9;
			remoteInfo = nui3Cocoa;
		};
		E5D64534120A0BA3009C26A9 /* PBXContainerItemProxy */ = {
			isa = PBXContainerItemProxy;
			containerPortal = BCBCB1520DFD45B5002E8BC3 /* nui3.xcodeproj */;
			proxyType = 1;
			remoteGlobalIDString = E5D63EBB1209AB9C009C26A9;
			remoteInfo = nui3Cocoa;
		};
		E5DD348312E0A30100F1EF4E /* PBXContainerItemProxy */ = {
			isa = PBXContainerItemProxy;
			containerPortal = BCBCB1520DFD45B5002E8BC3 /* nui3.xcodeproj */;
			proxyType = 2;
			remoteGlobalIDString = E5DD341012E09CA800F1EF4E;
			remoteInfo = thirdparty;
		};
		E5EF6FB011E77DE0000FB337 /* PBXContainerItemProxy */ = {
			isa = PBXContainerItemProxy;
			containerPortal = BCBCB1520DFD45B5002E8BC3 /* nui3.xcodeproj */;
			proxyType = 2;
			remoteGlobalIDString = E5A8D1D311E33A54004E14CE;
			remoteInfo = nui3CocoaD;
		};
		E5EF6FCB11E77E22000FB337 /* PBXContainerItemProxy */ = {
			isa = PBXContainerItemProxy;
			containerPortal = BCBCB1520DFD45B5002E8BC3 /* nui3.xcodeproj */;
			proxyType = 1;
			remoteGlobalIDString = E5A8CCAE11E33A54004E14CE;
			remoteInfo = nui3CocoaD;
		};
/* End PBXContainerItemProxy section */

/* Begin PBXFileReference section */
		61A9DFD20B833F1500BC506C /* AGL.framework */ = {isa = PBXFileReference; lastKnownFileType = wrapper.framework; name = AGL.framework; path = /System/Library/Frameworks/AGL.framework; sourceTree = "<absolute>"; };
		61A9DFD30B833F1500BC506C /* CoreFoundation.framework */ = {isa = PBXFileReference; lastKnownFileType = wrapper.framework; name = CoreFoundation.framework; path = /System/Library/Frameworks/CoreFoundation.framework; sourceTree = "<absolute>"; };
		61A9DFD40B833F1500BC506C /* CoreServices.framework */ = {isa = PBXFileReference; lastKnownFileType = wrapper.framework; name = CoreServices.framework; path = /System/Library/Frameworks/CoreServices.framework; sourceTree = "<absolute>"; };
		61A9DFD50B833F1500BC506C /* Carbon.framework */ = {isa = PBXFileReference; lastKnownFileType = wrapper.framework; name = Carbon.framework; path = /System/Library/Frameworks/Carbon.framework; sourceTree = "<absolute>"; };
		61A9DFD60B833F1500BC506C /* OpenGL.framework */ = {isa = PBXFileReference; lastKnownFileType = wrapper.framework; name = OpenGL.framework; path = /System/Library/Frameworks/OpenGL.framework; sourceTree = "<absolute>"; };
		61A9DFEF0B83433800BC506C /* Application.cpp */ = {isa = PBXFileReference; fileEncoding = 30; lastKnownFileType = sourcecode.cpp.cpp; name = Application.cpp; path = src/Application.cpp; sourceTree = "<group>"; };
		61A9DFF00B83433800BC506C /* Application.h */ = {isa = PBXFileReference; fileEncoding = 30; lastKnownFileType = sourcecode.c.h; name = Application.h; path = src/Application.h; sourceTree = "<group>"; };
		61A9DFF10B83433800BC506C /* MainWindow.cpp */ = {isa = PBXFileReference; fileEncoding = 30; lastKnownFileType = sourcecode.cpp.cpp; name = MainWindow.cpp; path = src/MainWindow.cpp; sourceTree = "<group>"; };
		61A9DFF20B83433800BC506C /* MainWindow.h */ = {isa = PBXFileReference; fileEncoding = 30; lastKnownFileType = sourcecode.c.h; name = MainWindow.h; path = src/MainWindow.h; sourceTree = "<group>"; };
		6E37AB9116AD877B00C333A4 /* Collection.cpp */ = {isa = PBXFileReference; fileEncoding = 4; lastKnownFileType = sourcecode.cpp.cpp; path = Collection.cpp; sourceTree = "<group>"; };
		6E37AB9216AD877B00C333A4 /* Collection.h */ = {isa = PBXFileReference; fileEncoding = 4; lastKnownFileType = sourcecode.c.h; path = Collection.h; sourceTree = "<group>"; };
		6E37AB9316AD877B00C333A4 /* MyRadios.cpp */ = {isa = PBXFileReference; fileEncoding = 4; lastKnownFileType = sourcecode.cpp.cpp; path = MyRadios.cpp; sourceTree = "<group>"; };
		6E37AB9416AD877B00C333A4 /* MyRadios.h */ = {isa = PBXFileReference; fileEncoding = 4; lastKnownFileType = sourcecode.c.h; path = MyRadios.h; sourceTree = "<group>"; };
		6E37AB9516AD877B00C333A4 /* Object.cpp */ = {isa = PBXFileReference; fileEncoding = 4; lastKnownFileType = sourcecode.cpp.cpp; path = Object.cpp; sourceTree = "<group>"; };
		6E37AB9616AD877B00C333A4 /* Object.h */ = {isa = PBXFileReference; fileEncoding = 4; lastKnownFileType = sourcecode.c.h; path = Object.h; sourceTree = "<group>"; };
		6E37AB9716AD877B00C333A4 /* Radio.cpp */ = {isa = PBXFileReference; fileEncoding = 4; lastKnownFileType = sourcecode.cpp.cpp; path = Radio.cpp; sourceTree = "<group>"; };
		6E37AB9816AD877B00C333A4 /* Radio.h */ = {isa = PBXFileReference; fileEncoding = 4; lastKnownFileType = sourcecode.c.h; path = Radio.h; sourceTree = "<group>"; };
		6E37AB9916AD877B00C333A4 /* RequestBuilder.cpp */ = {isa = PBXFileReference; fileEncoding = 4; lastKnownFileType = sourcecode.cpp.cpp; path = RequestBuilder.cpp; sourceTree = "<group>"; };
		6E37AB9A16AD877B00C333A4 /* RequestBuilder.h */ = {isa = PBXFileReference; fileEncoding = 4; lastKnownFileType = sourcecode.c.h; path = RequestBuilder.h; sourceTree = "<group>"; };
		6E37AB9B16AD877B00C333A4 /* Settings.h */ = {isa = PBXFileReference; fileEncoding = 4; lastKnownFileType = sourcecode.c.h; name = Settings.h; path = src/Settings.h; sourceTree = "<group>"; };
		6E37ABC016AD884700C333A4 /* WebKit.framework */ = {isa = PBXFileReference; lastKnownFileType = wrapper.framework; name = WebKit.framework; path = System/Library/Frameworks/WebKit.framework; sourceTree = SDKROOT; };
		6E37ABC216AD886600C333A4 /* LoginViewControllerCocoa.h */ = {isa = PBXFileReference; fileEncoding = 4; lastKnownFileType = sourcecode.c.h; name = LoginViewControllerCocoa.h; path = src/LoginViewControllerCocoa.h; sourceTree = "<group>"; };
		6E37ABC316AD886600C333A4 /* LoginViewControllerCocoa.m */ = {isa = PBXFileReference; fileEncoding = 4; lastKnownFileType = sourcecode.c.objc; name = LoginViewControllerCocoa.m; path = src/LoginViewControllerCocoa.m; sourceTree = "<group>"; };
		6E37ABC516AD896000C333A4 /* Header.cpp */ = {isa = PBXFileReference; fileEncoding = 4; lastKnownFileType = sourcecode.cpp.cpp; name = Header.cpp; path = src/Header.cpp; sourceTree = "<group>"; };
		6E37ABC616AD896000C333A4 /* Header.h */ = {isa = PBXFileReference; fileEncoding = 4; lastKnownFileType = sourcecode.c.h; name = Header.h; path = src/Header.h; sourceTree = "<group>"; };
		6E37ABD216ADA4ED00C333A4 /* LoginViewController.h */ = {isa = PBXFileReference; fileEncoding = 4; lastKnownFileType = sourcecode.c.h; name = LoginViewController.h; path = src/LoginViewController.h; sourceTree = "<group>"; };
		6E37ABD316ADA4ED00C333A4 /* LoginViewController.m */ = {isa = PBXFileReference; fileEncoding = 4; lastKnownFileType = sourcecode.c.objc; name = LoginViewController.m; path = src/LoginViewController.m; sourceTree = "<group>"; };
		6E43786B16ADDD4B008718E5 /* LoginViewControllerUIKit.h */ = {isa = PBXFileReference; fileEncoding = 4; lastKnownFileType = sourcecode.c.h; name = LoginViewControllerUIKit.h; path = src/LoginViewControllerUIKit.h; sourceTree = "<group>"; };
		6E43786C16ADDD4B008718E5 /* LoginViewControllerUIKit.m */ = {isa = PBXFileReference; fileEncoding = 4; lastKnownFileType = sourcecode.c.objc; name = LoginViewControllerUIKit.m; path = src/LoginViewControllerUIKit.m; sourceTree = "<group>"; };
		BCBCB1520DFD45B5002E8BC3 /* nui3.xcodeproj */ = {isa = PBXFileReference; lastKnownFileType = "wrapper.pb-project"; name = nui3.xcodeproj; path = ../nui3/nui3.xcodeproj; sourceTree = SOURCE_ROOT; };
		E59CD16911EA0C4000955611 /* Cocoa.framework */ = {isa = PBXFileReference; lastKnownFileType = wrapper.framework; name = Cocoa.framework; path = /System/Library/Frameworks/Cocoa.framework; sourceTree = "<absolute>"; };
		E59CD30011EA94A000955611 /* Info.plist */ = {isa = PBXFileReference; fileEncoding = 4; lastKnownFileType = text.plist.xml; path = Info.plist; sourceTree = SOURCE_ROOT; };
		E5B95D9716A97EDB00D626C8 /* YaLiveD.app */ = {isa = PBXFileReference; explicitFileType = wrapper.application; includeInIndex = 0; path = YaLiveD.app; sourceTree = BUILT_PRODUCTS_DIR; };
		E5B95D9A16A97EDB00D626C8 /* UIKit.framework */ = {isa = PBXFileReference; lastKnownFileType = wrapper.framework; name = UIKit.framework; path = Library/Frameworks/UIKit.framework; sourceTree = DEVELOPER_DIR; };
		E5B95D9C16A97EDB00D626C8 /* Foundation.framework */ = {isa = PBXFileReference; lastKnownFileType = wrapper.framework; name = Foundation.framework; path = Library/Frameworks/Foundation.framework; sourceTree = DEVELOPER_DIR; };
		E5B95D9E16A97EDB00D626C8 /* CoreGraphics.framework */ = {isa = PBXFileReference; lastKnownFileType = wrapper.framework; name = CoreGraphics.framework; path = Library/Frameworks/CoreGraphics.framework; sourceTree = DEVELOPER_DIR; };
		E5B95DA216A97EDB00D626C8 /* YaLiveD iOS-Info.plist */ = {isa = PBXFileReference; lastKnownFileType = text.plist.xml; name = "YaLiveD iOS-Info.plist"; path = "YaLiveD iOS/YaLiveD iOS-Info.plist"; sourceTree = "<group>"; };
		E5B95DA416A97EDB00D626C8 /* en */ = {isa = PBXFileReference; lastKnownFileType = text.plist.strings; name = en; path = en.lproj/InfoPlist.strings; sourceTree = "<group>"; };
		E5B95DA816A97EDB00D626C8 /* YaLiveD iOS-Prefix.pch */ = {isa = PBXFileReference; lastKnownFileType = sourcecode.c.h; path = "YaLiveD iOS-Prefix.pch"; sourceTree = "<group>"; };
		E5B95DAC16A97EDB00D626C8 /* Default.png */ = {isa = PBXFileReference; lastKnownFileType = image.png; path = Default.png; sourceTree = "<group>"; };
		E5B95DAE16A97EDB00D626C8 /* Default@2x.png */ = {isa = PBXFileReference; lastKnownFileType = image.png; path = "Default@2x.png"; sourceTree = "<group>"; };
		E5B95DB016A97EDB00D626C8 /* Default-568h@2x.png */ = {isa = PBXFileReference; lastKnownFileType = image.png; path = "Default-568h@2x.png"; sourceTree = "<group>"; };
		E5B95DC116A981EA00D626C8 /* Accelerate.framework */ = {isa = PBXFileReference; lastKnownFileType = wrapper.framework; name = Accelerate.framework; path = Platforms/iPhoneOS.platform/Developer/SDKs/iPhoneOS6.0.sdk/System/Library/Frameworks/Accelerate.framework; sourceTree = DEVELOPER_DIR; };
		E5B95DC216A981EA00D626C8 /* AudioToolbox.framework */ = {isa = PBXFileReference; lastKnownFileType = wrapper.framework; name = AudioToolbox.framework; path = Platforms/iPhoneOS.platform/Developer/SDKs/iPhoneOS6.0.sdk/System/Library/Frameworks/AudioToolbox.framework; sourceTree = DEVELOPER_DIR; };
		E5B95DC316A981EA00D626C8 /* AudioUnit.framework */ = {isa = PBXFileReference; lastKnownFileType = wrapper.framework; name = AudioUnit.framework; path = Platforms/iPhoneOS.platform/Developer/SDKs/iPhoneOS6.0.sdk/System/Library/Frameworks/AudioUnit.framework; sourceTree = DEVELOPER_DIR; };
		E5B95DC416A981EA00D626C8 /* AVFoundation.framework */ = {isa = PBXFileReference; lastKnownFileType = wrapper.framework; name = AVFoundation.framework; path = Platforms/iPhoneOS.platform/Developer/SDKs/iPhoneOS6.0.sdk/System/Library/Frameworks/AVFoundation.framework; sourceTree = DEVELOPER_DIR; };
		E5B95DC516A981EA00D626C8 /* CFNetwork.framework */ = {isa = PBXFileReference; lastKnownFileType = wrapper.framework; name = CFNetwork.framework; path = Platforms/iPhoneOS.platform/Developer/SDKs/iPhoneOS6.0.sdk/System/Library/Frameworks/CFNetwork.framework; sourceTree = DEVELOPER_DIR; };
		E5B95DC616A981EA00D626C8 /* CoreAudio.framework */ = {isa = PBXFileReference; lastKnownFileType = wrapper.framework; name = CoreAudio.framework; path = Platforms/iPhoneOS.platform/Developer/SDKs/iPhoneOS6.0.sdk/System/Library/Frameworks/CoreAudio.framework; sourceTree = DEVELOPER_DIR; };
		E5B95DC716A981EA00D626C8 /* CoreFoundation.framework */ = {isa = PBXFileReference; lastKnownFileType = wrapper.framework; name = CoreFoundation.framework; path = Platforms/iPhoneOS.platform/Developer/SDKs/iPhoneOS6.0.sdk/System/Library/Frameworks/CoreFoundation.framework; sourceTree = DEVELOPER_DIR; };
		E5B95DC816A981EA00D626C8 /* CoreGraphics.framework */ = {isa = PBXFileReference; lastKnownFileType = wrapper.framework; name = CoreGraphics.framework; path = Platforms/iPhoneOS.platform/Developer/SDKs/iPhoneOS6.0.sdk/System/Library/Frameworks/CoreGraphics.framework; sourceTree = DEVELOPER_DIR; };
		E5B95DC916A981EA00D626C8 /* OpenGLES.framework */ = {isa = PBXFileReference; lastKnownFileType = wrapper.framework; name = OpenGLES.framework; path = Platforms/iPhoneOS.platform/Developer/SDKs/iPhoneOS6.0.sdk/System/Library/Frameworks/OpenGLES.framework; sourceTree = DEVELOPER_DIR; };
		E5B95DCA16A981EA00D626C8 /* StoreKit.framework */ = {isa = PBXFileReference; lastKnownFileType = wrapper.framework; name = StoreKit.framework; path = Platforms/iPhoneOS.platform/Developer/SDKs/iPhoneOS6.0.sdk/System/Library/Frameworks/StoreKit.framework; sourceTree = DEVELOPER_DIR; };
		E5B95DCB16A981EA00D626C8 /* UIKit.framework */ = {isa = PBXFileReference; lastKnownFileType = wrapper.framework; name = UIKit.framework; path = Platforms/iPhoneOS.platform/Developer/SDKs/iPhoneOS6.0.sdk/System/Library/Frameworks/UIKit.framework; sourceTree = DEVELOPER_DIR; };
		E5B95E0416A985D300D626C8 /* Foundation.framework */ = {isa = PBXFileReference; lastKnownFileType = wrapper.framework; name = Foundation.framework; path = Platforms/iPhoneOS.platform/Developer/SDKs/iPhoneOS6.0.sdk/System/Library/Frameworks/Foundation.framework; sourceTree = DEVELOPER_DIR; };
		E5B95E0C16A988F700D626C8 /* QuartzCore.framework */ = {isa = PBXFileReference; lastKnownFileType = wrapper.framework; name = QuartzCore.framework; path = Platforms/iPhoneOS.platform/Developer/SDKs/iPhoneOS6.0.sdk/System/Library/Frameworks/QuartzCore.framework; sourceTree = DEVELOPER_DIR; };
		E5B95E3216A9983E00D626C8 /* YaLive.app */ = {isa = PBXFileReference; explicitFileType = wrapper.application; includeInIndex = 0; path = YaLive.app; sourceTree = BUILT_PRODUCTS_DIR; };
		E5C5910A1672188500BAEDE4 /* YaLiveCocoa.entitlements */ = {isa = PBXFileReference; lastKnownFileType = text.xml; path = YaLiveCocoa.entitlements; sourceTree = "<group>"; };
		E5C5910E167223B800BAEDE4 /* Deck.cpp */ = {isa = PBXFileReference; fileEncoding = 4; lastKnownFileType = sourcecode.cpp.cpp; name = Deck.cpp; path = src/Deck.cpp; sourceTree = "<group>"; };
		E5C5910F167223B800BAEDE4 /* Deck.h */ = {isa = PBXFileReference; fileEncoding = 4; lastKnownFileType = sourcecode.c.h; name = Deck.h; path = src/Deck.h; sourceTree = "<group>"; };
		E5C5912216722BA500BAEDE4 /* resources */ = {isa = PBXFileReference; lastKnownFileType = folder; path = resources; sourceTree = "<group>"; };
		E5C591291672405500BAEDE4 /* iTunesLibrary.cpp */ = {isa = PBXFileReference; fileEncoding = 4; lastKnownFileType = sourcecode.cpp.cpp; name = iTunesLibrary.cpp; path = src/iTunesLibrary.cpp; sourceTree = "<group>"; };
		E5C5912A1672405500BAEDE4 /* iTunesLibrary.h */ = {isa = PBXFileReference; fileEncoding = 4; lastKnownFileType = sourcecode.c.h; name = iTunesLibrary.h; path = src/iTunesLibrary.h; sourceTree = "<group>"; };
		E5C5912F1672407400BAEDE4 /* SongDB.cpp */ = {isa = PBXFileReference; fileEncoding = 4; lastKnownFileType = sourcecode.cpp.cpp; name = SongDB.cpp; path = src/SongDB.cpp; sourceTree = "<group>"; };
		E5C591301672407400BAEDE4 /* SongDB.h */ = {isa = PBXFileReference; fileEncoding = 4; lastKnownFileType = sourcecode.c.h; name = SongDB.h; path = src/SongDB.h; sourceTree = "<group>"; };
		E5D64530120A0B92009C26A9 /* YaLiveCocoa.app */ = {isa = PBXFileReference; explicitFileType = wrapper.application; includeInIndex = 0; path = YaLiveCocoa.app; sourceTree = BUILT_PRODUCTS_DIR; };
		E5EF6FC811E77DE8000FB337 /* YaLiveCocoaD.app */ = {isa = PBXFileReference; explicitFileType = wrapper.application; includeInIndex = 0; path = YaLiveCocoaD.app; sourceTree = BUILT_PRODUCTS_DIR; };
/* End PBXFileReference section */

/* Begin PBXFrameworksBuildPhase section */
		E5B95D9416A97EDB00D626C8 /* Frameworks */ = {
			isa = PBXFrameworksBuildPhase;
			buildActionMask = 2147483647;
			files = (
				E5B95E0D16A988F700D626C8 /* QuartzCore.framework in Frameworks */,
				E5B95E0516A985D300D626C8 /* Foundation.framework in Frameworks */,
				E5B95DD616A981EA00D626C8 /* UIKit.framework in Frameworks */,
				E5B95DD316A981EA00D626C8 /* CoreGraphics.framework in Frameworks */,
				E5B95DD416A981EA00D626C8 /* OpenGLES.framework in Frameworks */,
				E5B95DCC16A981EA00D626C8 /* Accelerate.framework in Frameworks */,
				E5B95DCD16A981EA00D626C8 /* AudioToolbox.framework in Frameworks */,
				E5B95DD016A981EA00D626C8 /* CFNetwork.framework in Frameworks */,
				E5B95DD116A981EA00D626C8 /* CoreAudio.framework in Frameworks */,
				E5B95DD216A981EA00D626C8 /* CoreFoundation.framework in Frameworks */,
				E5B95DD516A981EA00D626C8 /* StoreKit.framework in Frameworks */,
				E5B95DB616A97F1D00D626C8 /* libnuiPhoneD.a in Frameworks */,
			);
			runOnlyForDeploymentPostprocessing = 0;
		};
		E5B95E1D16A9983E00D626C8 /* Frameworks */ = {
			isa = PBXFrameworksBuildPhase;
			buildActionMask = 2147483647;
			files = (
				E5B95E1E16A9983E00D626C8 /* QuartzCore.framework in Frameworks */,
				E5B95E1F16A9983E00D626C8 /* Foundation.framework in Frameworks */,
				E5B95E2016A9983E00D626C8 /* UIKit.framework in Frameworks */,
				E5B95E2116A9983E00D626C8 /* CoreGraphics.framework in Frameworks */,
				E5B95E2216A9983E00D626C8 /* OpenGLES.framework in Frameworks */,
				E5B95E2316A9983E00D626C8 /* Accelerate.framework in Frameworks */,
				E5B95E2416A9983E00D626C8 /* AudioToolbox.framework in Frameworks */,
				E5B95E2516A9983E00D626C8 /* CFNetwork.framework in Frameworks */,
				E5B95E2616A9983E00D626C8 /* CoreAudio.framework in Frameworks */,
				E5B95E2716A9983E00D626C8 /* CoreFoundation.framework in Frameworks */,
				E5B95E2816A9983E00D626C8 /* StoreKit.framework in Frameworks */,
				E5B95E2916A9983E00D626C8 /* libnuiPhoneD.a in Frameworks */,
			);
			runOnlyForDeploymentPostprocessing = 0;
		};
		E5D64527120A0B92009C26A9 /* Frameworks */ = {
			isa = PBXFrameworksBuildPhase;
			buildActionMask = 2147483647;
			files = (
				6E37ABCF16AD9EFE00C333A4 /* WebKit.framework in Frameworks */,
				E5D64528120A0B92009C26A9 /* CoreFoundation.framework in Frameworks */,
				E5D64529120A0B92009C26A9 /* CoreServices.framework in Frameworks */,
				E5D6452A120A0B92009C26A9 /* OpenGL.framework in Frameworks */,
				E5D6453D120AA7D8009C26A9 /* libnui3Cocoa.a in Frameworks */,
				E5D6452C120A0B92009C26A9 /* Cocoa.framework in Frameworks */,
			);
			runOnlyForDeploymentPostprocessing = 0;
		};
		E5EF6FBE11E77DE8000FB337 /* Frameworks */ = {
			isa = PBXFrameworksBuildPhase;
			buildActionMask = 2147483647;
			files = (
				6E37ABC116AD884700C333A4 /* WebKit.framework in Frameworks */,
				E5EF6FC011E77DE8000FB337 /* CoreFoundation.framework in Frameworks */,
				E5EF6FC111E77DE8000FB337 /* CoreServices.framework in Frameworks */,
				E5EF6FC311E77DE8000FB337 /* OpenGL.framework in Frameworks */,
				E5EF6FE511E77EA7000FB337 /* libnui3CocoaD.a in Frameworks */,
				E59CD16A11EA0C4000955611 /* Cocoa.framework in Frameworks */,
			);
			runOnlyForDeploymentPostprocessing = 0;
		};
/* End PBXFrameworksBuildPhase section */

/* Begin PBXGroup section */
		61A9DE3D0B833C9200BC506C = {
			isa = PBXGroup;
			children = (
				6E37ABC016AD884700C333A4 /* WebKit.framework */,
				E5C5912216722BA500BAEDE4 /* resources */,
				E5C5910A1672188500BAEDE4 /* YaLiveCocoa.entitlements */,
				61A9DE4A0B833CD000BC506C /* sources */,
				61A9DE490B833CB000BC506C /* dependencies */,
				E5B95DA016A97EDB00D626C8 /* YaLiveD iOS */,
				E5B95D9916A97EDB00D626C8 /* Frameworks */,
				61A9DFB50B833DE500BC506C /* Products */,
			);
			sourceTree = "<group>";
		};
		61A9DE490B833CB000BC506C /* dependencies */ = {
			isa = PBXGroup;
			children = (
				BCBCB1520DFD45B5002E8BC3 /* nui3.xcodeproj */,
				61A9DFD20B833F1500BC506C /* AGL.framework */,
				61A9DFD30B833F1500BC506C /* CoreFoundation.framework */,
				61A9DFD40B833F1500BC506C /* CoreServices.framework */,
				61A9DFD50B833F1500BC506C /* Carbon.framework */,
				61A9DFD60B833F1500BC506C /* OpenGL.framework */,
				E59CD16911EA0C4000955611 /* Cocoa.framework */,
				E5B95E0C16A988F700D626C8 /* QuartzCore.framework */,
				E5B95E0416A985D300D626C8 /* Foundation.framework */,
				E5B95DC116A981EA00D626C8 /* Accelerate.framework */,
				E5B95DC216A981EA00D626C8 /* AudioToolbox.framework */,
				E5B95DC316A981EA00D626C8 /* AudioUnit.framework */,
				E5B95DC416A981EA00D626C8 /* AVFoundation.framework */,
				E5B95DC516A981EA00D626C8 /* CFNetwork.framework */,
				E5B95DC616A981EA00D626C8 /* CoreAudio.framework */,
				E5B95DC716A981EA00D626C8 /* CoreFoundation.framework */,
				E5B95DC816A981EA00D626C8 /* CoreGraphics.framework */,
				E5B95DC916A981EA00D626C8 /* OpenGLES.framework */,
				E5B95DCA16A981EA00D626C8 /* StoreKit.framework */,
				E5B95DCB16A981EA00D626C8 /* UIKit.framework */,
			);
			name = dependencies;
			sourceTree = "<group>";
		};
		61A9DE4A0B833CD000BC506C /* sources */ = {
			isa = PBXGroup;
			children = (
				6E37ABD016ADA4B600C333A4 /* NativeGUI */,
				6E37AB9016AD877B00C333A4 /* Models */,
				6E37AB9B16AD877B00C333A4 /* Settings.h */,
				E59CD30011EA94A000955611 /* Info.plist */,
				E5B95DA216A97EDB00D626C8 /* YaLiveD iOS-Info.plist */,
				61A9DFEF0B83433800BC506C /* Application.cpp */,
				61A9DFF00B83433800BC506C /* Application.h */,
				61A9DFF10B83433800BC506C /* MainWindow.cpp */,
				61A9DFF20B83433800BC506C /* MainWindow.h */,
				E5C5910E167223B800BAEDE4 /* Deck.cpp */,
				E5C5910F167223B800BAEDE4 /* Deck.h */,
				6E37ABC516AD896000C333A4 /* Header.cpp */,
				6E37ABC616AD896000C333A4 /* Header.h */,
				E5C591291672405500BAEDE4 /* iTunesLibrary.cpp */,
				E5C5912A1672405500BAEDE4 /* iTunesLibrary.h */,
				E5C5912F1672407400BAEDE4 /* SongDB.cpp */,
				E5C591301672407400BAEDE4 /* SongDB.h */,
			);
			name = sources;
			sourceTree = "<group>";
		};
		61A9DFB50B833DE500BC506C /* Products */ = {
			isa = PBXGroup;
			children = (
				E5EF6FC811E77DE8000FB337 /* YaLiveCocoaD.app */,
				E5D64530120A0B92009C26A9 /* YaLiveCocoa.app */,
				E5B95D9716A97EDB00D626C8 /* YaLiveD.app */,
				E5B95E3216A9983E00D626C8 /* YaLive.app */,
			);
			name = Products;
			sourceTree = "<group>";
		};
		6E37AB9016AD877B00C333A4 /* Models */ = {
			isa = PBXGroup;
			children = (
				6E37AB9116AD877B00C333A4 /* Collection.cpp */,
				6E37AB9216AD877B00C333A4 /* Collection.h */,
				6E37AB9316AD877B00C333A4 /* MyRadios.cpp */,
				6E37AB9416AD877B00C333A4 /* MyRadios.h */,
				6E37AB9516AD877B00C333A4 /* Object.cpp */,
				6E37AB9616AD877B00C333A4 /* Object.h */,
				6E37AB9716AD877B00C333A4 /* Radio.cpp */,
				6E37AB9816AD877B00C333A4 /* Radio.h */,
				6E37AB9916AD877B00C333A4 /* RequestBuilder.cpp */,
				6E37AB9A16AD877B00C333A4 /* RequestBuilder.h */,
			);
			name = Models;
			path = src/Models;
			sourceTree = "<group>";
		};
		6E37ABD016ADA4B600C333A4 /* NativeGUI */ = {
			isa = PBXGroup;
			children = (
				6E37ABDA16ADAFA000C333A4 /* UIKit */,
				6E37ABD116ADA4C800C333A4 /* Cocoa */,
				6E37ABD216ADA4ED00C333A4 /* LoginViewController.h */,
				6E37ABD316ADA4ED00C333A4 /* LoginViewController.m */,
			);
			name = NativeGUI;
			sourceTree = "<group>";
		};
		6E37ABD116ADA4C800C333A4 /* Cocoa */ = {
			isa = PBXGroup;
			children = (
				6E37ABC216AD886600C333A4 /* LoginViewControllerCocoa.h */,
				6E37ABC316AD886600C333A4 /* LoginViewControllerCocoa.m */,
			);
			name = Cocoa;
			sourceTree = "<group>";
		};
		6E37ABDA16ADAFA000C333A4 /* UIKit */ = {
			isa = PBXGroup;
			children = (
				6E43786B16ADDD4B008718E5 /* LoginViewControllerUIKit.h */,
				6E43786C16ADDD4B008718E5 /* LoginViewControllerUIKit.m */,
			);
			name = UIKit;
			sourceTree = "<group>";
		};
		BCBCB1530DFD45B5002E8BC3 /* Products */ = {
			isa = PBXGroup;
			children = (
				BCBCB15C0DFD45B6002E8BC3 /* libnui3D.a */,
				BCBCB15E0DFD45B6002E8BC3 /* libnui3.a */,
				E5A630D511CA7CCD00446489 /* libnuiPhoneD.a */,
				E52420EE11CBCEBC0025CA71 /* libnuiPhone.a */,
				E56C84FA12FD9D2B00231540 /* libnuiPhone_arm7.a */,
				E5EF6FB111E77DE0000FB337 /* libnui3CocoaD.a */,
				E5D644FB120A01E0009C26A9 /* libnui3Cocoa.a */,
				E5DD348412E0A30100F1EF4E /* libthirdparty.a */,
				E5D4E8E612E4A9000001A86F /* libthirdparty_ios.a */,
				E56C84FC12FD9D2B00231540 /* libthirdparty_ios_arm7.a */,
				E50C19DC14B7C40D00C6C5B2 /* libminui3D.a */,
			);
			name = Products;
			sourceTree = "<group>";
		};
		E5B95D9916A97EDB00D626C8 /* Frameworks */ = {
			isa = PBXGroup;
			children = (
				E5B95D9A16A97EDB00D626C8 /* UIKit.framework */,
				E5B95D9C16A97EDB00D626C8 /* Foundation.framework */,
				E5B95D9E16A97EDB00D626C8 /* CoreGraphics.framework */,
			);
			name = Frameworks;
			sourceTree = "<group>";
		};
		E5B95DA016A97EDB00D626C8 /* YaLiveD iOS */ = {
			isa = PBXGroup;
			children = (
				E5B95DA116A97EDB00D626C8 /* Supporting Files */,
			);
			path = "YaLiveD iOS";
			sourceTree = "<group>";
		};
		E5B95DA116A97EDB00D626C8 /* Supporting Files */ = {
			isa = PBXGroup;
			children = (
				E5B95DA316A97EDB00D626C8 /* InfoPlist.strings */,
				E5B95DA816A97EDB00D626C8 /* YaLiveD iOS-Prefix.pch */,
				E5B95DAC16A97EDB00D626C8 /* Default.png */,
				E5B95DAE16A97EDB00D626C8 /* Default@2x.png */,
				E5B95DB016A97EDB00D626C8 /* Default-568h@2x.png */,
			);
			name = "Supporting Files";
			sourceTree = "<group>";
		};
/* End PBXGroup section */

/* Begin PBXNativeTarget section */
		E5B95D9616A97EDB00D626C8 /* YaLiveD iOS */ = {
			isa = PBXNativeTarget;
			buildConfigurationList = E5B95DB216A97EDB00D626C8 /* Build configuration list for PBXNativeTarget "YaLiveD iOS" */;
			buildPhases = (
				E5B95D9316A97EDB00D626C8 /* Sources */,
				E5B95D9416A97EDB00D626C8 /* Frameworks */,
				E5B95D9516A97EDB00D626C8 /* Resources */,
				E5B95E0E16A9895200D626C8 /* ShellScript */,
			);
			buildRules = (
			);
			dependencies = (
				E5B95DB516A97F0D00D626C8 /* PBXTargetDependency */,
			);
			name = "YaLiveD iOS";
			productName = "YaLiveD iOS";
			productReference = E5B95D9716A97EDB00D626C8 /* YaLiveD.app */;
			productType = "com.apple.product-type.application";
		};
		E5B95E0F16A9983E00D626C8 /* YaLive iOS */ = {
			isa = PBXNativeTarget;
			buildConfigurationList = E5B95E3016A9983E00D626C8 /* Build configuration list for PBXNativeTarget "YaLive iOS" */;
			buildPhases = (
				E5B95E1216A9983E00D626C8 /* Sources */,
				E5B95E1D16A9983E00D626C8 /* Frameworks */,
				E5B95E2A16A9983E00D626C8 /* Resources */,
				E5B95E2F16A9983E00D626C8 /* ShellScript */,
			);
			buildRules = (
			);
			dependencies = (
				E5B95E1016A9983E00D626C8 /* PBXTargetDependency */,
			);
			name = "YaLive iOS";
			productName = "YaLiveD iOS";
			productReference = E5B95E3216A9983E00D626C8 /* YaLive.app */;
			productType = "com.apple.product-type.application";
		};
		E5D64521120A0B92009C26A9 /* YaLive OSX */ = {
			isa = PBXNativeTarget;
			buildConfigurationList = E5D6452E120A0B92009C26A9 /* Build configuration list for PBXNativeTarget "YaLive OSX" */;
			buildPhases = (
				E5D64524120A0B92009C26A9 /* Sources */,
				E5D64527120A0B92009C26A9 /* Frameworks */,
				E5D6452D120A0B92009C26A9 /* Copy Resources Script */,
			);
			buildRules = (
			);
			dependencies = (
				E5D64535120A0BA3009C26A9 /* PBXTargetDependency */,
			);
			name = "YaLive OSX";
			productName = Tempd;
			productReference = E5D64530120A0B92009C26A9 /* YaLiveCocoa.app */;
			productType = "com.apple.product-type.application";
		};
		E5EF6FB811E77DE8000FB337 /* YaLiveD OSX */ = {
			isa = PBXNativeTarget;
			buildConfigurationList = E5EF6FC611E77DE8000FB337 /* Build configuration list for PBXNativeTarget "YaLiveD OSX" */;
			buildPhases = (
				E5EF6FBB11E77DE8000FB337 /* Sources */,
				E5EF6FBE11E77DE8000FB337 /* Frameworks */,
				E5EF6FC511E77DE8000FB337 /* Copy Resources Script */,
			);
			buildRules = (
			);
			dependencies = (
				E5EF6FCC11E77E22000FB337 /* PBXTargetDependency */,
			);
			name = "YaLiveD OSX";
			productName = Tempd;
			productReference = E5EF6FC811E77DE8000FB337 /* YaLiveCocoaD.app */;
			productType = "com.apple.product-type.application";
		};
/* End PBXNativeTarget section */

/* Begin PBXProject section */
		61A9DE3F0B833C9200BC506C /* Project object */ = {
			isa = PBXProject;
			attributes = {
				LastUpgradeCheck = 0460;
			};
			buildConfigurationList = 61A9DE400B833C9200BC506C /* Build configuration list for PBXProject "YaLive" */;
			compatibilityVersion = "Xcode 3.2";
			developmentRegion = English;
			hasScannedForEncodings = 0;
			knownRegions = (
				en,
			);
			mainGroup = 61A9DE3D0B833C9200BC506C;
			productRefGroup = 61A9DFB50B833DE500BC506C /* Products */;
			projectDirPath = "";
			projectReferences = (
				{
					ProductGroup = BCBCB1530DFD45B5002E8BC3 /* Products */;
					ProjectRef = BCBCB1520DFD45B5002E8BC3 /* nui3.xcodeproj */;
				},
			);
			projectRoot = "";
			targets = (
				E5EF6FB811E77DE8000FB337 /* YaLiveD OSX */,
				E5D64521120A0B92009C26A9 /* YaLive OSX */,
				E5B95D9616A97EDB00D626C8 /* YaLiveD iOS */,
				E5B95E0F16A9983E00D626C8 /* YaLive iOS */,
			);
		};
/* End PBXProject section */

/* Begin PBXReferenceProxy section */
		BCBCB15C0DFD45B6002E8BC3 /* libnui3D.a */ = {
			isa = PBXReferenceProxy;
			fileType = archive.ar;
			path = libnui3D.a;
			remoteRef = BCBCB15B0DFD45B6002E8BC3 /* PBXContainerItemProxy */;
			sourceTree = BUILT_PRODUCTS_DIR;
		};
		BCBCB15E0DFD45B6002E8BC3 /* libnui3.a */ = {
			isa = PBXReferenceProxy;
			fileType = archive.ar;
			path = libnui3.a;
			remoteRef = BCBCB15D0DFD45B6002E8BC3 /* PBXContainerItemProxy */;
			sourceTree = BUILT_PRODUCTS_DIR;
		};
		E50C19DC14B7C40D00C6C5B2 /* libminui3D.a */ = {
			isa = PBXReferenceProxy;
			fileType = archive.ar;
			path = libminui3D.a;
			remoteRef = E50C19DB14B7C40D00C6C5B2 /* PBXContainerItemProxy */;
			sourceTree = BUILT_PRODUCTS_DIR;
		};
		E52420EE11CBCEBC0025CA71 /* libnuiPhone.a */ = {
			isa = PBXReferenceProxy;
			fileType = archive.ar;
			path = libnuiPhone.a;
			remoteRef = E52420ED11CBCEBC0025CA71 /* PBXContainerItemProxy */;
			sourceTree = BUILT_PRODUCTS_DIR;
		};
		E56C84FA12FD9D2B00231540 /* libnuiPhone_arm7.a */ = {
			isa = PBXReferenceProxy;
			fileType = archive.ar;
			path = libnuiPhone_arm7.a;
			remoteRef = E56C84F912FD9D2B00231540 /* PBXContainerItemProxy */;
			sourceTree = BUILT_PRODUCTS_DIR;
		};
		E56C84FC12FD9D2B00231540 /* libthirdparty_ios_arm7.a */ = {
			isa = PBXReferenceProxy;
			fileType = archive.ar;
			path = libthirdparty_ios_arm7.a;
			remoteRef = E56C84FB12FD9D2B00231540 /* PBXContainerItemProxy */;
			sourceTree = BUILT_PRODUCTS_DIR;
		};
		E5A630D511CA7CCD00446489 /* libnuiPhoneD.a */ = {
			isa = PBXReferenceProxy;
			fileType = archive.ar;
			path = libnuiPhoneD.a;
			remoteRef = E5A630D411CA7CCD00446489 /* PBXContainerItemProxy */;
			sourceTree = BUILT_PRODUCTS_DIR;
		};
		E5D4E8E612E4A9000001A86F /* libthirdparty_ios.a */ = {
			isa = PBXReferenceProxy;
			fileType = archive.ar;
			path = libthirdparty_ios.a;
			remoteRef = E5D4E8E512E4A9000001A86F /* PBXContainerItemProxy */;
			sourceTree = BUILT_PRODUCTS_DIR;
		};
		E5D644FB120A01E0009C26A9 /* libnui3Cocoa.a */ = {
			isa = PBXReferenceProxy;
			fileType = archive.ar;
			path = libnui3Cocoa.a;
			remoteRef = E5D644FA120A01E0009C26A9 /* PBXContainerItemProxy */;
			sourceTree = BUILT_PRODUCTS_DIR;
		};
		E5DD348412E0A30100F1EF4E /* libthirdparty.a */ = {
			isa = PBXReferenceProxy;
			fileType = archive.ar;
			path = libthirdparty.a;
			remoteRef = E5DD348312E0A30100F1EF4E /* PBXContainerItemProxy */;
			sourceTree = BUILT_PRODUCTS_DIR;
		};
		E5EF6FB111E77DE0000FB337 /* libnui3CocoaD.a */ = {
			isa = PBXReferenceProxy;
			fileType = archive.ar;
			path = libnui3CocoaD.a;
			remoteRef = E5EF6FB011E77DE0000FB337 /* PBXContainerItemProxy */;
			sourceTree = BUILT_PRODUCTS_DIR;
		};
/* End PBXReferenceProxy section */

/* Begin PBXResourcesBuildPhase section */
		E5B95D9516A97EDB00D626C8 /* Resources */ = {
			isa = PBXResourcesBuildPhase;
			buildActionMask = 2147483647;
			files = (
				E5B95DA516A97EDB00D626C8 /* InfoPlist.strings in Resources */,
				E5B95DAD16A97EDB00D626C8 /* Default.png in Resources */,
				E5B95DAF16A97EDB00D626C8 /* Default@2x.png in Resources */,
				E5B95DB116A97EDB00D626C8 /* Default-568h@2x.png in Resources */,
			);
			runOnlyForDeploymentPostprocessing = 0;
		};
		E5B95E2A16A9983E00D626C8 /* Resources */ = {
			isa = PBXResourcesBuildPhase;
			buildActionMask = 2147483647;
			files = (
				E5B95E2B16A9983E00D626C8 /* InfoPlist.strings in Resources */,
				E5B95E2C16A9983E00D626C8 /* Default.png in Resources */,
				E5B95E2D16A9983E00D626C8 /* Default@2x.png in Resources */,
				E5B95E2E16A9983E00D626C8 /* Default-568h@2x.png in Resources */,
			);
			runOnlyForDeploymentPostprocessing = 0;
		};
/* End PBXResourcesBuildPhase section */

/* Begin PBXShellScriptBuildPhase section */
		E5B95E0E16A9895200D626C8 /* ShellScript */ = {
			isa = PBXShellScriptBuildPhase;
			buildActionMask = 2147483647;
			files = (
			);
			inputPaths = (
			);
			outputPaths = (
			);
			runOnlyForDeploymentPostprocessing = 0;
			shellPath = /bin/sh;
			shellScript = "rsync -rC ./resources/ --exclude \".*\" \"$BUILT_PRODUCTS_DIR/$UNLOCALIZED_RESOURCES_FOLDER_PATH\"\n../nui3/tools/make_rc.py resources resource.rc\necho 0 ICON \\\"resources/icon.ico\\\" >> resource.rc\n";
		};
		E5B95E2F16A9983E00D626C8 /* ShellScript */ = {
			isa = PBXShellScriptBuildPhase;
			buildActionMask = 2147483647;
			files = (
			);
			inputPaths = (
			);
			outputPaths = (
			);
			runOnlyForDeploymentPostprocessing = 0;
			shellPath = /bin/sh;
			shellScript = "rsync -rC ./resources/ --exclude \".*\" \"$BUILT_PRODUCTS_DIR/$UNLOCALIZED_RESOURCES_FOLDER_PATH\"\n../nui3/tools/make_rc.py resources resource.rc\necho 0 ICON \\\"resources/icon.ico\\\" >> resource.rc\n";
		};
		E5D6452D120A0B92009C26A9 /* Copy Resources Script */ = {
			isa = PBXShellScriptBuildPhase;
			buildActionMask = 2147483647;
			files = (
			);
			inputPaths = (
			);
			name = "Copy Resources Script";
			outputPaths = (
			);
			runOnlyForDeploymentPostprocessing = 0;
			shellPath = /bin/sh;
			shellScript = "rsync -rC ./resources/ --exclude \".*\" \"$BUILT_PRODUCTS_DIR/$UNLOCALIZED_RESOURCES_FOLDER_PATH\"\n../nui3/tools/make_rc.py resources resource.rc\necho 0 ICON \\\"resources/icon.ico\\\" >> resource.rc\n";
		};
		E5EF6FC511E77DE8000FB337 /* Copy Resources Script */ = {
			isa = PBXShellScriptBuildPhase;
			buildActionMask = 2147483647;
			files = (
			);
			inputPaths = (
			);
			name = "Copy Resources Script";
			outputPaths = (
			);
			runOnlyForDeploymentPostprocessing = 0;
			shellPath = /bin/sh;
			shellScript = "rsync -rC ./resources/ --exclude \".*\" \"$BUILT_PRODUCTS_DIR/$UNLOCALIZED_RESOURCES_FOLDER_PATH\"\n../nui3/tools/make_rc.py resources resource.rc\necho 0 ICON \\\"resources/icon.ico\\\" >> resource.rc\n";
		};
/* End PBXShellScriptBuildPhase section */

/* Begin PBXSourcesBuildPhase section */
		E5B95D9316A97EDB00D626C8 /* Sources */ = {
			isa = PBXSourcesBuildPhase;
			buildActionMask = 2147483647;
			files = (
				E5B95DB716A97F3900D626C8 /* Application.cpp in Sources */,
				E5B95DB816A97F3900D626C8 /* Application.h in Sources */,
				E5B95DB916A97F3A00D626C8 /* MainWindow.cpp in Sources */,
				E5B95DBA16A97F3A00D626C8 /* MainWindow.h in Sources */,
				E5B95DBB16A97F3A00D626C8 /* Deck.cpp in Sources */,
				E5B95DBC16A97F3A00D626C8 /* Deck.h in Sources */,
				E5B95DBD16A97F3A00D626C8 /* iTunesLibrary.cpp in Sources */,
				E5B95DBE16A97F3A00D626C8 /* iTunesLibrary.h in Sources */,
				E5B95DBF16A97F3A00D626C8 /* SongDB.cpp in Sources */,
				E5B95DC016A97F3A00D626C8 /* SongDB.h in Sources */,
				6E37ABA016AD877B00C333A4 /* Collection.cpp in Sources */,
				6E37ABA616AD877B00C333A4 /* MyRadios.cpp in Sources */,
				6E37ABAC16AD877B00C333A4 /* Object.cpp in Sources */,
				6E37ABB216AD877B00C333A4 /* Radio.cpp in Sources */,
				6E37ABB816AD877B00C333A4 /* RequestBuilder.cpp in Sources */,
				6E37ABCB16AD896000C333A4 /* Header.cpp in Sources */,
				6E37ABD816ADA4ED00C333A4 /* LoginViewController.m in Sources */,
				6E43786E16ADDD4B008718E5 /* LoginViewControllerUIKit.m in Sources */,
			);
			runOnlyForDeploymentPostprocessing = 0;
		};
		E5B95E1216A9983E00D626C8 /* Sources */ = {
			isa = PBXSourcesBuildPhase;
			buildActionMask = 2147483647;
			files = (
				E5B95E1316A9983E00D626C8 /* Application.cpp in Sources */,
				E5B95E1416A9983E00D626C8 /* Application.h in Sources */,
				E5B95E1516A9983E00D626C8 /* MainWindow.cpp in Sources */,
				E5B95E1616A9983E00D626C8 /* MainWindow.h in Sources */,
				E5B95E1716A9983E00D626C8 /* Deck.cpp in Sources */,
				E5B95E1816A9983E00D626C8 /* Deck.h in Sources */,
				E5B95E1916A9983E00D626C8 /* iTunesLibrary.cpp in Sources */,
				E5B95E1A16A9983E00D626C8 /* iTunesLibrary.h in Sources */,
				E5B95E1B16A9983E00D626C8 /* SongDB.cpp in Sources */,
				E5B95E1C16A9983E00D626C8 /* SongDB.h in Sources */,
				6E37ABA116AD877B00C333A4 /* Collection.cpp in Sources */,
				6E37ABA716AD877B00C333A4 /* MyRadios.cpp in Sources */,
				6E37ABAD16AD877B00C333A4 /* Object.cpp in Sources */,
				6E37ABB316AD877B00C333A4 /* Radio.cpp in Sources */,
				6E37ABB916AD877B00C333A4 /* RequestBuilder.cpp in Sources */,
				6E37ABCC16AD896000C333A4 /* Header.cpp in Sources */,
				6E37ABD916ADA4ED00C333A4 /* LoginViewController.m in Sources */,
				6E43786F16ADDD4B008718E5 /* LoginViewControllerUIKit.m in Sources */,
			);
			runOnlyForDeploymentPostprocessing = 0;
		};
		E5D64524120A0B92009C26A9 /* Sources */ = {
			isa = PBXSourcesBuildPhase;
			buildActionMask = 2147483647;
			files = (
				E5D64525120A0B92009C26A9 /* Application.cpp in Sources */,
				E5D64526120A0B92009C26A9 /* MainWindow.cpp in Sources */,
				E5C59113167223B800BAEDE4 /* Deck.cpp in Sources */,
				E5C5912E1672405500BAEDE4 /* iTunesLibrary.cpp in Sources */,
				E5C591341672407400BAEDE4 /* SongDB.cpp in Sources */,
				6E37AB9F16AD877B00C333A4 /* Collection.cpp in Sources */,
				6E37ABA516AD877B00C333A4 /* MyRadios.cpp in Sources */,
				6E37ABAB16AD877B00C333A4 /* Object.cpp in Sources */,
				6E37ABB116AD877B00C333A4 /* Radio.cpp in Sources */,
				6E37ABB716AD877B00C333A4 /* RequestBuilder.cpp in Sources */,
				6E37ABCE16AD9EE400C333A4 /* LoginViewControllerCocoa.m in Sources */,
				6E37ABCA16AD896000C333A4 /* Header.cpp in Sources */,
				6E37ABD716ADA4ED00C333A4 /* LoginViewController.m in Sources */,
			);
			runOnlyForDeploymentPostprocessing = 0;
		};
		E5EF6FBB11E77DE8000FB337 /* Sources */ = {
			isa = PBXSourcesBuildPhase;
			buildActionMask = 2147483647;
			files = (
				E5EF6FBC11E77DE8000FB337 /* Application.cpp in Sources */,
				E5EF6FBD11E77DE8000FB337 /* MainWindow.cpp in Sources */,
				E5C59112167223B800BAEDE4 /* Deck.cpp in Sources */,
				E5C5912D1672405500BAEDE4 /* iTunesLibrary.cpp in Sources */,
				E5C591331672407400BAEDE4 /* SongDB.cpp in Sources */,
				6E37AB9E16AD877B00C333A4 /* Collection.cpp in Sources */,
				6E37ABA416AD877B00C333A4 /* MyRadios.cpp in Sources */,
				6E37ABAA16AD877B00C333A4 /* Object.cpp in Sources */,
				6E37ABB016AD877B00C333A4 /* Radio.cpp in Sources */,
				6E37ABB616AD877B00C333A4 /* RequestBuilder.cpp in Sources */,
				6E37ABC416AD886600C333A4 /* LoginViewControllerCocoa.m in Sources */,
				6E37ABC916AD896000C333A4 /* Header.cpp in Sources */,
				6E37ABD616ADA4ED00C333A4 /* LoginViewController.m in Sources */,
			);
			runOnlyForDeploymentPostprocessing = 0;
		};
/* End PBXSourcesBuildPhase section */

/* Begin PBXTargetDependency section */
		E5B95DB516A97F0D00D626C8 /* PBXTargetDependency */ = {
			isa = PBXTargetDependency;
			name = nuiPhoneD;
			targetProxy = E5B95DB416A97F0D00D626C8 /* PBXContainerItemProxy */;
		};
		E5B95E1016A9983E00D626C8 /* PBXTargetDependency */ = {
			isa = PBXTargetDependency;
			name = nuiPhoneD;
			targetProxy = E5B95E1116A9983E00D626C8 /* PBXContainerItemProxy */;
		};
		E5D64535120A0BA3009C26A9 /* PBXTargetDependency */ = {
			isa = PBXTargetDependency;
			name = nui3Cocoa;
			targetProxy = E5D64534120A0BA3009C26A9 /* PBXContainerItemProxy */;
		};
		E5EF6FCC11E77E22000FB337 /* PBXTargetDependency */ = {
			isa = PBXTargetDependency;
			name = nui3CocoaD;
			targetProxy = E5EF6FCB11E77E22000FB337 /* PBXContainerItemProxy */;
		};
/* End PBXTargetDependency section */

/* Begin PBXVariantGroup section */
		E5B95DA316A97EDB00D626C8 /* InfoPlist.strings */ = {
			isa = PBXVariantGroup;
			children = (
				E5B95DA416A97EDB00D626C8 /* en */,
			);
			name = InfoPlist.strings;
			sourceTree = "<group>";
		};
/* End PBXVariantGroup section */

/* Begin XCBuildConfiguration section */
		61A9DE410B833C9200BC506C /* Default */ = {
			isa = XCBuildConfiguration;
			buildSettings = {
				ARCHS = "$(ARCHS_STANDARD_32_BIT)";
				COPY_PHASE_STRIP = NO;
				DEBUG_INFORMATION_FORMAT = dwarf;
				HEADER_SEARCH_PATHS = ../nui3/include;
				INFOPLIST_FILE = Info.plist;
				OTHER_LDFLAGS = (
					"-lz",
					"-liconv",
				);
				SDKROOT = macosx;
			};
			name = Default;
		};
		E5B95DB316A97EDB00D626C8 /* Default */ = {
			isa = XCBuildConfiguration;
			buildSettings = {
				ARCHS = armv7;
				CLANG_WARN_EMPTY_BODY = YES;
				CLANG_WARN__DUPLICATE_METHOD_MATCH = YES;
				"CODE_SIGN_IDENTITY[sdk=iphoneos*]" = "iPhone Developer";
				COPY_PHASE_STRIP = NO;
				GCC_DYNAMIC_NO_PIC = NO;
				GCC_INPUT_FILETYPE = sourcecode.cpp.objcpp;
				GCC_OPTIMIZATION_LEVEL = 0;
				GCC_PRECOMPILE_PREFIX_HEADER = YES;
				GCC_PREFIX_HEADER = "YaLiveD iOS/YaLiveD iOS-Prefix.pch";
				GCC_PREPROCESSOR_DEFINITIONS = (
					_DEBUG_,
					_DEBUG,
					NUI_IPHONE,
				);
				GCC_SYMBOLS_PRIVATE_EXTERN = NO;
				GCC_WARN_ABOUT_RETURN_TYPE = YES;
				GCC_WARN_UNINITIALIZED_AUTOS = YES;
				GCC_WARN_UNUSED_VARIABLE = YES;
				INFOPLIST_FILE = "YaLiveD iOS/YaLiveD iOS-Info.plist";
				IPHONEOS_DEPLOYMENT_TARGET = 4.3;
				PRODUCT_NAME = YaLiveD;
				SDKROOT = iphoneos;
				TARGETED_DEVICE_FAMILY = "1,2";
				WRAPPER_EXTENSION = app;
			};
			name = Default;
		};
		E5B95E3116A9983E00D626C8 /* Default */ = {
			isa = XCBuildConfiguration;
			buildSettings = {
				ARCHS = "$(ARCHS_STANDARD_32_BIT)";
				CLANG_WARN_EMPTY_BODY = YES;
				CLANG_WARN__DUPLICATE_METHOD_MATCH = YES;
				"CODE_SIGN_IDENTITY[sdk=iphoneos*]" = "iPhone Developer";
				COPY_PHASE_STRIP = NO;
				GCC_DYNAMIC_NO_PIC = NO;
				GCC_INPUT_FILETYPE = sourcecode.cpp.objcpp;
				GCC_PRECOMPILE_PREFIX_HEADER = YES;
				GCC_PREFIX_HEADER = "YaLiveD iOS/YaLiveD iOS-Prefix.pch";
				GCC_PREPROCESSOR_DEFINITIONS = NUI_IPHONE;
				GCC_SYMBOLS_PRIVATE_EXTERN = NO;
				GCC_WARN_ABOUT_RETURN_TYPE = YES;
				GCC_WARN_UNINITIALIZED_AUTOS = YES;
				GCC_WARN_UNUSED_VARIABLE = YES;
				INFOPLIST_FILE = "YaLiveD iOS copy-Info.plist";
				IPHONEOS_DEPLOYMENT_TARGET = 4.3;
				PRODUCT_NAME = YaLive;
				SDKROOT = iphoneos;
				TARGETED_DEVICE_FAMILY = "1,2";
				WRAPPER_EXTENSION = app;
			};
			name = Default;
		};
		E5D6452F120A0B92009C26A9 /* Default */ = {
			isa = XCBuildConfiguration;
			buildSettings = {
				ARCHS = "$(ARCHS_STANDARD_32_64_BIT)";
				CODE_SIGN_ENTITLEMENTS = YaLiveCocoa.entitlements;
				CODE_SIGN_IDENTITY = "Mac Developer";
				COMBINE_HIDPI_IMAGES = YES;
				COPY_PHASE_STRIP = NO;
				GCC_DYNAMIC_NO_PIC = NO;
				GCC_GENERATE_DEBUGGING_SYMBOLS = YES;
				GCC_INLINES_ARE_PRIVATE_EXTERN = NO;
				GCC_INPUT_FILETYPE = sourcecode.cpp.objcpp;
				GCC_OPTIMIZATION_LEVEL = s;
				GCC_PREPROCESSOR_DEFINITIONS = _COCOA_;
				GCC_SYMBOLS_PRIVATE_EXTERN = NO;
				INSTALL_PATH = "$(HOME)/Applications";
				MACOSX_DEPLOYMENT_TARGET = 10.5;
				PRODUCT_NAME = YaLiveCocoa;
				WARNING_CFLAGS = (
					"-Wmost",
					"-Wno-four-char-constants",
					"-Wno-unknown-pragmas",
				);
				WRAPPER_EXTENSION = app;
			};
			name = Default;
		};
		E5EF6FC711E77DE8000FB337 /* Default */ = {
			isa = XCBuildConfiguration;
			buildSettings = {
				ARCHS = "$(ARCHS_STANDARD_32_64_BIT)";
				CODE_SIGN_ENTITLEMENTS = YaLiveCocoa.entitlements;
				CODE_SIGN_IDENTITY = "Mac Developer";
				COMBINE_HIDPI_IMAGES = YES;
				DEBUG_INFORMATION_FORMAT = dwarf;
				GCC_DYNAMIC_NO_PIC = NO;
				GCC_GENERATE_DEBUGGING_SYMBOLS = YES;
				GCC_INLINES_ARE_PRIVATE_EXTERN = NO;
				GCC_INPUT_FILETYPE = sourcecode.cpp.objcpp;
				GCC_OPTIMIZATION_LEVEL = 0;
				GCC_PREPROCESSOR_DEFINITIONS = (
					_COCOA_,
					_DEBUG,
				);
				GCC_SYMBOLS_PRIVATE_EXTERN = NO;
				INSTALL_PATH = "$(HOME)/Applications";
				PRODUCT_NAME = YaLiveCocoaD;
				WARNING_CFLAGS = (
					"-Wmost",
					"-Wno-four-char-constants",
					"-Wno-unknown-pragmas",
				);
				WRAPPER_EXTENSION = app;
			};
			name = Default;
		};
/* End XCBuildConfiguration section */

/* Begin XCConfigurationList section */
		61A9DE400B833C9200BC506C /* Build configuration list for PBXProject "YaLive" */ = {
			isa = XCConfigurationList;
			buildConfigurations = (
				61A9DE410B833C9200BC506C /* Default */,
			);
			defaultConfigurationIsVisible = 0;
			defaultConfigurationName = Default;
		};
		E5B95DB216A97EDB00D626C8 /* Build configuration list for PBXNativeTarget "YaLiveD iOS" */ = {
			isa = XCConfigurationList;
			buildConfigurations = (
				E5B95DB316A97EDB00D626C8 /* Default */,
			);
			defaultConfigurationIsVisible = 0;
			defaultConfigurationName = Default;
		};
		E5B95E3016A9983E00D626C8 /* Build configuration list for PBXNativeTarget "YaLive iOS" */ = {
			isa = XCConfigurationList;
			buildConfigurations = (
				E5B95E3116A9983E00D626C8 /* Default */,
			);
			defaultConfigurationIsVisible = 0;
			defaultConfigurationName = Default;
		};
		E5D6452E120A0B92009C26A9 /* Build configuration list for PBXNativeTarget "YaLive OSX" */ = {
			isa = XCConfigurationList;
			buildConfigurations = (
				E5D6452F120A0B92009C26A9 /* Default */,
			);
			defaultConfigurationIsVisible = 0;
			defaultConfigurationName = Default;
		};
		E5EF6FC611E77DE8000FB337 /* Build configuration list for PBXNativeTarget "YaLiveD OSX" */ = {
			isa = XCConfigurationList;
			buildConfigurations = (
				E5EF6FC711E77DE8000FB337 /* Default */,
			);
			defaultConfigurationIsVisible = 0;
			defaultConfigurationName = Default;
		};
/* End XCConfigurationList section */
	};
	rootObject = 61A9DE3F0B833C9200BC506C /* Project object */;
}
